
Microsoft Visual Studio Solution File, Format Version 12.00
# Visual Studio 15
VisualStudioVersion = 15.0.27428.2002
MinimumVisualStudioVersion = 10.0.40219.1
Project("{8BC9CEB8-8B4A-11D0-8D11-00A0C91BC942}") = "lwirth-lib", "lwirth-lib\lwirth-lib.vcxproj", "{35CDD94E-389A-4028-A80D-0CBAAA7672A8}"
EndProject
Project("{8BC9CEB8-8B4A-11D0-8D11-00A0C91BC942}") = "lwirth-testing", "lwirth-testing\lwirth-testing.vcxproj", "{0E92D842-554A-47E1-A542-C629BF710C5F}"
EndProject
Project("{8BC9CEB8-8B4A-11D0-8D11-00A0C91BC942}") = "lwirth-vanilla", "lwirth-vanilla\lwirth-vanilla.vcxproj", "{CA80959B-BDD4-48F7-A58F-15458F9CFB25}"
EndProject
Global
	GlobalSection(SolutionConfigurationPlatforms) = preSolution
		Debug|x64 = Debug|x64
		Debug|x86 = Debug|x86
		Release|x64 = Release|x64
		Release|x86 = Release|x86
	EndGlobalSection
	GlobalSection(ProjectConfigurationPlatforms) = postSolution
		{35CDD94E-389A-4028-A80D-0CBAAA7672A8}.Debug|x64.ActiveCfg = Debug|x64
		{35CDD94E-389A-4028-A80D-0CBAAA7672A8}.Debug|x64.Build.0 = Debug|x64
		{35CDD94E-389A-4028-A80D-0CBAAA7672A8}.Debug|x86.ActiveCfg = Debug|Win32
		{35CDD94E-389A-4028-A80D-0CBAAA7672A8}.Debug|x86.Build.0 = Debug|Win32
		{35CDD94E-389A-4028-A80D-0CBAAA7672A8}.Release|x64.ActiveCfg = Release|x64
		{35CDD94E-389A-4028-A80D-0CBAAA7672A8}.Release|x64.Build.0 = Release|x64
		{35CDD94E-389A-4028-A80D-0CBAAA7672A8}.Release|x86.ActiveCfg = Release|Win32
		{35CDD94E-389A-4028-A80D-0CBAAA7672A8}.Release|x86.Build.0 = Release|Win32
		{0E92D842-554A-47E1-A542-C629BF710C5F}.Debug|x64.ActiveCfg = Debug|x64
		{0E92D842-554A-47E1-A542-C629BF710C5F}.Debug|x64.Build.0 = Debug|x64
		{0E92D842-554A-47E1-A542-C629BF710C5F}.Debug|x86.ActiveCfg = Debug|Win32
		{0E92D842-554A-47E1-A542-C629BF710C5F}.Debug|x86.Build.0 = Debug|Win32
		{0E92D842-554A-47E1-A542-C629BF710C5F}.Release|x64.ActiveCfg = Release|x64
		{0E92D842-554A-47E1-A542-C629BF710C5F}.Release|x64.Build.0 = Release|x64
		{0E92D842-554A-47E1-A542-C629BF710C5F}.Release|x86.ActiveCfg = Release|Win32
		{0E92D842-554A-47E1-A542-C629BF710C5F}.Release|x86.Build.0 = Release|Win32
		{CA80959B-BDD4-48F7-A58F-15458F9CFB25}.Debug|x64.ActiveCfg = Debug|x64
		{CA80959B-BDD4-48F7-A58F-15458F9CFB25}.Debug|x64.Build.0 = Debug|x64
		{CA80959B-BDD4-48F7-A58F-15458F9CFB25}.Debug|x86.ActiveCfg = Debug|Win32
		{CA80959B-BDD4-48F7-A58F-15458F9CFB25}.Debug|x86.Build.0 = Debug|Win32
		{CA80959B-BDD4-48F7-A58F-15458F9CFB25}.Release|x64.ActiveCfg = Release|x64
		{CA80959B-BDD4-48F7-A58F-15458F9CFB25}.Release|x64.Build.0 = Release|x64
		{CA80959B-BDD4-48F7-A58F-15458F9CFB25}.Release|x86.ActiveCfg = Release|Win32
		{CA80959B-BDD4-48F7-A58F-15458F9CFB25}.Release|x86.Build.0 = Release|Win32
	EndGlobalSection
	GlobalSection(SolutionProperties) = preSolution
		HideSolutionNode = FALSE
	EndGlobalSection
	GlobalSection(ExtensibilityGlobals) = postSolution
		SolutionGuid = {5D797BE4-2EE4-478D-BF62-CD0E0E7D2E20}
	EndGlobalSection
EndGlobal
