<?xml version="1.0" encoding="utf-8"?>
<Project ToolsVersion="4.0" xmlns="http://schemas.microsoft.com/developer/msbuild/2003">
  <ItemGroup>
    <ClCompile Include="Root.cpp" />
    <ClCompile Include="Matrix4x4.cpp">
      <Filter>math</Filter>
    </ClCompile>
    <ClCompile Include="Math.cpp">
      <Filter>math</Filter>
    </ClCompile>
    <ClCompile Include="Angle.cpp">
      <Filter>math</Filter>
    </ClCompile>
    <ClCompile Include="Allocations.cpp">
      <Filter>memory</Filter>
    </ClCompile>
    <ClCompile Include="PoolAllocator.cpp">
      <Filter>memory</Filter>
    </ClCompile>
    <ClCompile Include="Chain.cpp">
      <Filter>datatypes</Filter>
    </ClCompile>
    <ClCompile Include="Circle.cpp">
      <Filter>graphics</Filter>
    </ClCompile>
    <ClCompile Include="Shape.cpp">
      <Filter>graphics</Filter>
    </ClCompile>
    <ClCompile Include="Triangle.cpp">
      <Filter>graphics</Filter>
    </ClCompile>
    <ClCompile Include="Chrono.cpp">
      <Filter>general</Filter>
    </ClCompile>
    <ClCompile Include="Exceptions.cpp">
      <Filter>general</Filter>
    </ClCompile>
    <ClCompile Include="FileManager.cpp">
      <Filter>general</Filter>
    </ClCompile>
    <ClCompile Include="Logger.cpp">
      <Filter>general</Filter>
    </ClCompile>
    <ClCompile Include="StackAllocator.cpp">
      <Filter>memory</Filter>
    </ClCompile>
    <ClCompile Include="Application.cpp">
      <Filter>general</Filter>
    </ClCompile>
    <ClCompile Include="Random.cpp">
      <Filter>random</Filter>
    </ClCompile>
    <ClCompile Include="NeuralNetwork.cpp">
      <Filter>random</Filter>
    </ClCompile>
    <ClCompile Include="SimulationTime.cpp">
      <Filter>physics</Filter>
    </ClCompile>
    <ClCompile Include="Object.cpp">
      <Filter>physics</Filter>
    </ClCompile>
    <ClCompile Include="Utils.cpp">
      <Filter>utils</Filter>
    </ClCompile>
    <ClCompile Include="SIMD.cpp">
      <Filter>utils</Filter>
    </ClCompile>
    <ClCompile Include="stdafx.cpp" />
    <ClCompile Include="VulkanBuffer.cpp">
      <Filter>graphics\vulkan</Filter>
    </ClCompile>
    <ClCompile Include="VulkanCommands.cpp">
      <Filter>graphics\vulkan</Filter>
    </ClCompile>
    <ClCompile Include="VulkanDepthImage.cpp">
      <Filter>graphics\vulkan</Filter>
    </ClCompile>
    <ClCompile Include="VulkanDescriptors.cpp">
      <Filter>graphics\vulkan</Filter>
    </ClCompile>
    <ClCompile Include="VulkanDevice.cpp">
      <Filter>graphics\vulkan</Filter>
    </ClCompile>
    <ClCompile Include="VulkanFence.cpp">
      <Filter>graphics\vulkan</Filter>
    </ClCompile>
    <ClCompile Include="VulkanHelper.cpp">
      <Filter>graphics\vulkan</Filter>
    </ClCompile>
    <ClCompile Include="VulkanImage.cpp">
      <Filter>graphics\vulkan</Filter>
    </ClCompile>
    <ClCompile Include="VulkanInstance.cpp">
      <Filter>graphics\vulkan</Filter>
    </ClCompile>
    <ClCompile Include="VulkanManager.cpp">
      <Filter>graphics\vulkan</Filter>
    </ClCompile>
    <ClCompile Include="VulkanPhysicalDevices.cpp">
      <Filter>graphics\vulkan</Filter>
    </ClCompile>
    <ClCompile Include="VulkanPipeline.cpp">
      <Filter>graphics\vulkan</Filter>
    </ClCompile>
    <ClCompile Include="VulkanQueues.cpp">
      <Filter>graphics\vulkan</Filter>
    </ClCompile>
    <ClCompile Include="VulkanRenderPass.cpp">
      <Filter>graphics\vulkan</Filter>
    </ClCompile>
    <ClCompile Include="VulkanSemaphore.cpp">
      <Filter>graphics\vulkan</Filter>
    </ClCompile>
    <ClCompile Include="VulkanShader.cpp">
      <Filter>graphics\vulkan</Filter>
    </ClCompile>
    <ClCompile Include="VulkanSurface.cpp">
      <Filter>graphics\vulkan</Filter>
    </ClCompile>
    <ClCompile Include="VulkanSwapchain.cpp">
      <Filter>graphics\vulkan</Filter>
    </ClCompile>
    <ClCompile Include="RenderWindow.cpp">
      <Filter>graphics\core</Filter>
    </ClCompile>
    <ClCompile Include="Frame.cpp">
      <Filter>graphics\core</Filter>
    </ClCompile>
    <ClCompile Include="Color.cpp">
      <Filter>graphics\core</Filter>
    </ClCompile>
    <ClCompile Include="SimpleBrush2D.cpp">
      <Filter>graphics\core</Filter>
    </ClCompile>
    <ClCompile Include="SimpleBrush3D.cpp">
      <Filter>graphics\core</Filter>
    </ClCompile>
    <ClCompile Include="Vertices.cpp">
      <Filter>graphics\core</Filter>
    </ClCompile>
  </ItemGroup>
  <ItemGroup>
    <ClInclude Include="Standard.hpp" />
    <ClInclude Include="Root.hpp" />
    <ClInclude Include="lwirth.hpp" />
    <ClInclude Include="Matrix4x4.hpp">
      <Filter>math</Filter>
    </ClInclude>
    <ClInclude Include="Matrix.hpp">
      <Filter>math</Filter>
    </ClInclude>
    <ClInclude Include="Math.hpp">
      <Filter>math</Filter>
    </ClInclude>
    <ClInclude Include="Angle.hpp">
      <Filter>math</Filter>
    </ClInclude>
    <ClInclude Include="Vector4.hpp">
      <Filter>math</Filter>
    </ClInclude>
    <ClInclude Include="Vector3.hpp">
      <Filter>math</Filter>
    </ClInclude>
    <ClInclude Include="Vector2.hpp">
      <Filter>math</Filter>
    </ClInclude>
    <ClInclude Include="Vector.hpp">
      <Filter>math</Filter>
    </ClInclude>
    <ClInclude Include="Allocations.hpp">
      <Filter>memory</Filter>
    </ClInclude>
    <ClInclude Include="PoolAllocator.hpp">
      <Filter>memory</Filter>
    </ClInclude>
    <ClInclude Include="Array.hpp">
      <Filter>datatypes</Filter>
    </ClInclude>
    <ClInclude Include="Chain.hpp">
      <Filter>datatypes</Filter>
    </ClInclude>
    <ClInclude Include="Circle.hpp">
      <Filter>graphics</Filter>
    </ClInclude>
    <ClInclude Include="Shape.hpp">
      <Filter>graphics</Filter>
    </ClInclude>
    <ClInclude Include="Triangle.hpp">
      <Filter>graphics</Filter>
    </ClInclude>
    <ClInclude Include="Chrono.hpp">
      <Filter>general</Filter>
    </ClInclude>
    <ClInclude Include="Exceptions.hpp">
      <Filter>general</Filter>
    </ClInclude>
    <ClInclude Include="FileManager.hpp">
      <Filter>general</Filter>
    </ClInclude>
    <ClInclude Include="Logger.hpp">
      <Filter>general</Filter>
    </ClInclude>
    <ClInclude Include="StackAllocator.hpp">
      <Filter>memory</Filter>
    </ClInclude>
    <ClInclude Include="Application.hpp">
      <Filter>general</Filter>
    </ClInclude>
    <ClInclude Include="Random.hpp">
      <Filter>random</Filter>
    </ClInclude>
    <ClInclude Include="NeuralNetwork.hpp">
      <Filter>random</Filter>
    </ClInclude>
    <ClInclude Include="PerlinNoise.hpp">
      <Filter>random</Filter>
    </ClInclude>
    <ClInclude Include="MersenneTwister.hpp">
      <Filter>random</Filter>
    </ClInclude>
    <ClInclude Include="SimulationTime.hpp">
      <Filter>physics</Filter>
    </ClInclude>
    <ClInclude Include="Object.hpp">
      <Filter>physics</Filter>
    </ClInclude>
    <ClInclude Include="Utils.hpp">
      <Filter>utils</Filter>
    </ClInclude>
    <ClInclude Include="SIMD.hpp">
      <Filter>utils</Filter>
    </ClInclude>
    <ClInclude Include="stdafx.hpp" />
    <ClInclude Include="VulkanBuffer.hpp">
      <Filter>graphics\vulkan</Filter>
    </ClInclude>
    <ClInclude Include="VulkanCommands.hpp">
      <Filter>graphics\vulkan</Filter>
    </ClInclude>
    <ClInclude Include="VulkanDepthImage.hpp">
      <Filter>graphics\vulkan</Filter>
    </ClInclude>
    <ClInclude Include="VulkanDescriptors.hpp">
      <Filter>graphics\vulkan</Filter>
    </ClInclude>
    <ClInclude Include="VulkanDevice.hpp">
      <Filter>graphics\vulkan</Filter>
    </ClInclude>
    <ClInclude Include="VulkanFence.hpp">
      <Filter>graphics\vulkan</Filter>
    </ClInclude>
    <ClInclude Include="VulkanHelper.hpp">
      <Filter>graphics\vulkan</Filter>
    </ClInclude>
    <ClInclude Include="VulkanImage.hpp">
      <Filter>graphics\vulkan</Filter>
    </ClInclude>
    <ClInclude Include="VulkanInstance.hpp">
      <Filter>graphics\vulkan</Filter>
    </ClInclude>
    <ClInclude Include="VulkanManager.hpp">
      <Filter>graphics\vulkan</Filter>
    </ClInclude>
    <ClInclude Include="VulkanPhysicalDevices.hpp">
      <Filter>graphics\vulkan</Filter>
    </ClInclude>
    <ClInclude Include="VulkanPipeline.hpp">
      <Filter>graphics\vulkan</Filter>
    </ClInclude>
    <ClInclude Include="VulkanQueues.hpp">
      <Filter>graphics\vulkan</Filter>
    </ClInclude>
    <ClInclude Include="VulkanRenderPass.hpp">
      <Filter>graphics\vulkan</Filter>
    </ClInclude>
    <ClInclude Include="VulkanSemaphore.hpp">
      <Filter>graphics\vulkan</Filter>
    </ClInclude>
    <ClInclude Include="VulkanShader.hpp">
      <Filter>graphics\vulkan</Filter>
    </ClInclude>
    <ClInclude Include="VulkanSurface.hpp">
      <Filter>graphics\vulkan</Filter>
    </ClInclude>
    <ClInclude Include="VulkanSwapchain.hpp">
      <Filter>graphics\vulkan</Filter>
    </ClInclude>
    <ClInclude Include="RenderWindow.hpp">
      <Filter>graphics\core</Filter>
    </ClInclude>
    <ClInclude Include="Frame.hpp">
      <Filter>graphics\core</Filter>
    </ClInclude>
    <ClInclude Include="Color.hpp">
      <Filter>graphics\core</Filter>
    </ClInclude>
    <ClInclude Include="SimpleBrush2D.hpp">
      <Filter>graphics\core</Filter>
    </ClInclude>
    <ClInclude Include="SimpleBrush3D.hpp">
      <Filter>graphics\core</Filter>
    </ClInclude>
    <ClInclude Include="Vertices.hpp">
      <Filter>graphics\core</Filter>
    </ClInclude>
  </ItemGroup>
  <ItemGroup>
    <Filter Include="math">
      <UniqueIdentifier>{200126fe-a933-4f4c-a77d-c37a807ef917}</UniqueIdentifier>
    </Filter>
    <Filter Include="memory">
      <UniqueIdentifier>{26f3e34b-3549-481f-a9ea-03aaeb40b746}</UniqueIdentifier>
    </Filter>
    <Filter Include="datatypes">
      <UniqueIdentifier>{2b667526-9d28-499e-a7e5-1c2ad966c0e0}</UniqueIdentifier>
    </Filter>
    <Filter Include="graphics">
      <UniqueIdentifier>{ff089c81-3312-42b6-868d-b9a6748be007}</UniqueIdentifier>
    </Filter>
    <Filter Include="general">
      <UniqueIdentifier>{24538d98-b8f8-4ed0-a570-7fcb944234e6}</UniqueIdentifier>
    </Filter>
    <Filter Include="random">
      <UniqueIdentifier>{2d651674-e578-4fc1-9135-0a0753cdab1b}</UniqueIdentifier>
    </Filter>
    <Filter Include="physics">
      <UniqueIdentifier>{6edabd59-cbdb-4edf-9d9e-d41c1e445b9a}</UniqueIdentifier>
    </Filter>
    <Filter Include="utils">
      <UniqueIdentifier>{d5a1ef65-e1f1-446e-b254-ecf8176483f4}</UniqueIdentifier>
    </Filter>
    <Filter Include="graphics\vulkan">
      <UniqueIdentifier>{a9f9fbcb-f632-4d04-a148-5cc6c7c90d2f}</UniqueIdentifier>
    </Filter>
    <Filter Include="graphics\core">
      <UniqueIdentifier>{3d5b98b0-5e63-4fca-84e8-3535023fa3f1}</UniqueIdentifier>
    </Filter>
  </ItemGroup>
</Project>